{
  "version": 4,
  "terraform_version": "1.7.0",
  "serial": 25,
  "lineage": "2b6a0b54-38c7-133c-1b0a-e6ef7c30bfb5",
  "outputs": {},
  "resources": [
    {
      "mode": "data",
      "type": "external",
      "name": "os",
      "provider": "provider[\"registry.terraform.io/hashicorp/external\"]",
      "instances": [
        {
          "schema_version": 0,
          "attributes": {
            "id": "-",
            "program": [
              "printf",
              "{\"os\": \"Linux\"}"
            ],
            "query": null,
            "result": {
              "os": "Linux"
            },
            "working_dir": "."
          },
          "sensitive_attributes": []
        }
      ]
    },
    {
      "mode": "managed",
      "type": "helm_release",
      "name": "kubernetes-dashboard",
      "provider": "provider[\"registry.terraform.io/hashicorp/helm\"]",
      "instances": [
        {
          "status": "tainted",
          "schema_version": 1,
          "attributes": {
            "atomic": false,
            "chart": "kubernetes-dashboard",
            "cleanup_on_fail": false,
            "create_namespace": false,
            "dependency_update": false,
            "description": null,
            "devel": null,
            "disable_crd_hooks": false,
            "disable_openapi_validation": false,
            "disable_webhooks": false,
            "force_update": false,
            "id": "kubernetes-dashboard",
            "keyring": null,
            "lint": false,
            "manifest": null,
            "max_history": 0,
            "metadata": [
              {
                "app_version": "",
                "chart": "kubernetes-dashboard",
                "name": "kubernetes-dashboard",
                "namespace": "default",
                "revision": 1,
                "values": "{\"protocolHttp\":true,\"rbac\":{\"clusterReadOnlyRole\":true},\"replicaCount\":2,\"service\":{\"externalPort\":80,\"type\":\"LoadBalancer\"}}",
                "version": "7.1.2"
              }
            ],
            "name": "kubernetes-dashboard",
            "namespace": "default",
            "pass_credentials": false,
            "postrender": [],
            "recreate_pods": false,
            "render_subchart_notes": true,
            "replace": false,
            "repository": "https://kubernetes.github.io/dashboard/",
            "repository_ca_file": null,
            "repository_cert_file": null,
            "repository_key_file": null,
            "repository_password": null,
            "repository_username": null,
            "reset_values": false,
            "reuse_values": false,
            "set": [
              {
                "name": "protocolHttp",
                "type": "",
                "value": "true"
              },
              {
                "name": "rbac.clusterReadOnlyRole",
                "type": "",
                "value": "true"
              },
              {
                "name": "replicaCount",
                "type": "",
                "value": "2"
              },
              {
                "name": "service.externalPort",
                "type": "",
                "value": "80"
              },
              {
                "name": "service.type",
                "type": "",
                "value": "LoadBalancer"
              }
            ],
            "set_list": [],
            "set_sensitive": [],
            "skip_crds": false,
            "status": "failed",
            "timeout": 300,
            "values": null,
            "verify": false,
            "version": "7.1.2",
            "wait": true,
            "wait_for_jobs": false
          },
          "sensitive_attributes": [],
          "private": "eyJzY2hlbWFfdmVyc2lvbiI6IjEifQ==",
          "dependencies": [
            "data.external.os",
            "minikube_cluster.cluster"
          ]
        }
      ]
    },
    {
      "mode": "managed",
      "type": "minikube_cluster",
      "name": "cluster",
      "provider": "provider[\"registry.terraform.io/scott-the-programmer/minikube\"]",
      "instances": [
        {
          "schema_version": 0,
          "attributes": {
            "addons": [
              "default-storageclass",
              "kong",
              "storage-provisioner"
            ],
            "apiserver_ips": [],
            "apiserver_name": "minikubeCA",
            "apiserver_names": [],
            "apiserver_port": 8443,
            "auto_pause_interval": 1,
            "auto_update_drivers": true,
            "base_image": "gcr.io/k8s-minikube/kicbase:v0.0.42@sha256:d35ac07dfda971cabee05e0deca8aeac772f885a5348e1a0c0b0a36db20fcfc0",
            "binary_mirror": null,
            "cache_images": true,
            "cert_expiration": 1576800,
            "client_certificate": "-----BEGIN CERTIFICATE-----\nMIIDITCCAgmgAwIBAgIBAjANBgkqhkiG9w0BAQsFADAVMRMwEQYDVQQDEwptaW5p\na3ViZUNBMB4XDTI0MDMxMDE2NDQxMFoXDTI3MDMxMTE2NDQxMFowMTEXMBUGA1UE\nChMOc3lzdGVtOm1hc3RlcnMxFjAUBgNVBAMTDW1pbmlrdWJlLXVzZXIwggEiMA0G\nCSqGSIb3DQEBAQUAA4IBDwAwggEKAoIBAQDVfpexwz4zDrDehbA1qXAFAKUXDZLs\n5lFBxjlQ4G+B+X1YbigU6E4aaxRaVv5DfOD0HKR+TUJI1U9y+PgFE0Grpu/YsEkj\nwq672zvRO74rc9BVcy0gFn8nvaykmVfecXQZbQ10Ca3y6kjNOCrOXt5/ANwL2Eoo\npDP14cFyV85ZM25t3Lyxoy59v8wrhBcsWzxscK3hwP3gg3iQSFKo+6JluiTkoBlr\noyLY3XlM+izFnkKLM9lGjACw6MfGN+H3F2ysYsou4406HRzGNlQGbev6vLuxHjyi\nxLvwYDHb0g6Xt1zFmobVne6AUqnOcb4s4pk+Xuv4p35auXZd8wiqOldnAgMBAAGj\nYDBeMA4GA1UdDwEB/wQEAwIFoDAdBgNVHSUEFjAUBggrBgEFBQcDAQYIKwYBBQUH\nAwIwDAYDVR0TAQH/BAIwADAfBgNVHSMEGDAWgBSNJjG7C/JVorjn6yRP2vImkCkh\nzDANBgkqhkiG9w0BAQsFAAOCAQEADLmlVK9bvI3X1kZ07iybKE3PPfBF+WNfzdNc\nj60kzbDHrQHryifrsK5mkoyzLi8wZYdLErGeHnxkXlP4ka+SwpkKtNZ75JRT1PQA\nJzUoGaeZmEqzgMHpe3kaoFkcogprURLmYQzCsBkjqo6T6xODd9y4eU3kdb+od4V5\nbchURBJGLvP28ggEtjcgKWLFopl6z22dlYBHje2GhRAdQMMF3CJyU14K22yHnSSx\ntQZspfqLx04vVk6Mp9frKpUSEm/7QvMbrHbrK8HX0oY9TUbKJdQZ2IxSLXAlI7T2\nUw6h2WcSOSsKX4vMKPpQQabSXMLWpNzHvxoeQHTODyCydqDLqg==\n-----END CERTIFICATE-----\n",
            "client_key": "-----BEGIN RSA PRIVATE KEY-----\nMIIEpgIBAAKCAQEA1X6XscM+Mw6w3oWwNalwBQClFw2S7OZRQcY5UOBvgfl9WG4o\nFOhOGmsUWlb+Q3zg9Bykfk1CSNVPcvj4BRNBq6bv2LBJI8Kuu9s70Tu+K3PQVXMt\nIBZ/J72spJlX3nF0GW0NdAmt8upIzTgqzl7efwDcC9hKKKQz9eHBclfOWTNubdy8\nsaMufb/MK4QXLFs8bHCt4cD94IN4kEhSqPuiZbok5KAZa6Mi2N15TPosxZ5CizPZ\nRowAsOjHxjfh9xdsrGLKLuONOh0cxjZUBm3r+ry7sR48osS78GAx29IOl7dcxZqG\n1Z3ugFKpznG+LOKZPl7r+Kd+Wrl2XfMIqjpXZwIDAQABAoIBAQCuw8JJshnokc4X\nWji0tM8OSUjbZjEv3BoITcv9eLvPGfyRtxr4gnHtDlrK2QurEz7Sld/RxEzOck9n\nPodJIEpRyYXtS+GTdHq1LPH6hX1W9KdGS9JUwhW04n/A/gYAAb+YUL0CkCnlAAQ4\nehIQfXiFXp7C03thaYlfbj5864PvX7v0QKwZOhHkZX1Iz36RJh8PUiMmkztKsO4B\nRMnzrIRnBN0tneBBB812slueIGLhtn9J0CujVv25ElKfKd0xRLB/YtyGn+hw6Zjd\nPFfusm1qHtfy1765HgGOyc24/KN2UIrCgwPv4sptXbMX9wrcUOuDsTHOwmH3pNXi\n3Pv68VoBAoGBAOiF7WFT/h1/okZfVErEhMNKKFtWxi3mOA9Z1JfLYEgu5dv4k6zj\nlGbHvteBwFHUfpmTBH+BEuVWe8LpWVpWZ5ks27yOQGvgS8mRsooAimeULApCt98w\nUFrdW3EHY8pPvRL9nyxf53z5cKPfx142Mwer+MDwZrzYMUatGX3/oV3xAoGBAOsM\n0/Ib4N8RPmvYzLznUbNJSpnjXK8BLx7C7ADWebhWFpzRgKNbDJqiCCyYUeaJePv1\nvo5vkTptXD4eKjWmySpw2jemnAjDK5mRGhjDVr9IWUDiTMfMQdx4btHEHmwLkOu0\nN8qaeyWie49VnNj2K+eYhdOwRz389tQcaZ5nMZLXAoGBAJc4sp8/vt50aZcW3H0b\nvbQ8gG6WyqCDPyZMp8Ro0h9f0MH0siYYhCUr9uO1UNxnNEawpJY/3YglbKvgkun7\nk7i8wdOpOCBwaRmYleLGYzzl0paBuY9/nmLZ32RtB+tFXJQDOgfj/2r51tXc7Y5J\n9Xohz8+7CTX77GAop5GYNNwhAoGBAOhMm0NSLiIHpstrTpz7eJFaQ/Jm8/i5kNo0\nBo6laVK3Mk319856c7B3puB8AaV4BCvvqU6YEM3PuzRhF5JCrdnWArSxYtB+Ix74\nevQySg9t71fiz8M+qXC9TbjevLpHjAiG6gTAPCjrtnXoRMVgNfADm2+lbiNjWIY1\nNmUo06OtAoGBAI9q+FGvTsJtOyww8rCCplrdjLIO+0JZCHzhpUNNcjat+PHHj7k4\n9XAeg+X/9i91zqQgqa/6PnbQlnkA6x0W3T6Aoc0X77GSf7w3dbNLWbiqoNvD18uq\na0kh/WeesCq5RhVyJar3AZYWif9md8uuD+7xKGmy6YUuMgeCN1/OFAnH\n-----END RSA PRIVATE KEY-----\n",
            "cluster_ca_certificate": "-----BEGIN CERTIFICATE-----\nMIIDBjCCAe6gAwIBAgIBATANBgkqhkiG9w0BAQsFADAVMRMwEQYDVQQDEwptaW5p\na3ViZUNBMB4XDTI0MDMwMTE2MDA0OFoXDTM0MDIyODE2MDA0OFowFTETMBEGA1UE\nAxMKbWluaWt1YmVDQTCCASIwDQYJKoZIhvcNAQEBBQADggEPADCCAQoCggEBANck\nzdvkULTwzAuQmij6TW9N+1gBiGHGHgIIBzLkG+zpcBnTAlzD2faugq9zIhdVP1Xy\nS+Ps7bDXC01U38y/LX5oi4fza5+KbsLppft+G7VbYwvbGKe2+tb82A4aknuO+tFC\nIr/8JIkwQkKJVj+3Tek1Bqbs96quuBoPccDs+E4VM+7Jgi1fITAfUDJ21ug+NQRY\nioMGU1KKNNtEM1aqmZv1JLBW/mZ/js5q64hG93/zG/K1dWmIhJi0kqDM+ZU2mupf\njvG9rSVeD8i2ppbdho0Ixy9dQdVZvxHTCJJHgPoAgrO3x3yk7mOn1b9WW6FJ40AK\nnMZPNKFZJXaEeXVyg/kCAwEAAaNhMF8wDgYDVR0PAQH/BAQDAgKkMB0GA1UdJQQW\nMBQGCCsGAQUFBwMCBggrBgEFBQcDATAPBgNVHRMBAf8EBTADAQH/MB0GA1UdDgQW\nBBSNJjG7C/JVorjn6yRP2vImkCkhzDANBgkqhkiG9w0BAQsFAAOCAQEATydYErkk\nrjdKqfSk66QrChcVwcTaO/075OlFSadp2oFzTSDNpgLtZQtr33KIo3nkalKQPkcO\nWTtWsLcKIDCVQPTh/LJLWiRnCj6WEA807gDQMiwH1psvXkIqok4UkrCRWwEniFhv\n7DHJ8F/0cUO1FN5pLZKNDMUua5Oc9p+1wKFdmegf1wX5Z8TOvherdnVk0Wf6SVo/\n/+bdv9GEaynCcKZQTrIhSOg8SJC1UHC1F3Rsrm9ON2j5Jrt+E67Z1jGY0K/7CB7k\npcJWltb3S4ZoTNo8sG+qUfESiUdPzow8qbzKfpCZebt3bEvRWa6eTWBa+bQBl61o\nVGvRrQo0lxMbAw==\n-----END CERTIFICATE-----\n",
            "cluster_name": "docker",
            "cni": "",
            "container_runtime": "docker",
            "cpus": 2,
            "cri_socket": "",
            "delete_on_failure": false,
            "disable_driver_mounts": false,
            "disable_metrics": false,
            "disable_optimizations": false,
            "disk_size": "20000mb",
            "dns_domain": "cluster.local",
            "dns_proxy": false,
            "docker_env": null,
            "docker_opt": null,
            "download_only": false,
            "driver": "docker",
            "dry_run": false,
            "embed_certs": false,
            "enable_default_cni": false,
            "extra_config": [],
            "extra_disks": 0,
            "feature_gates": "",
            "force": false,
            "force_systemd": false,
            "gpus": null,
            "host": "https://127.0.0.1:60397",
            "host_dns_resolver": true,
            "host_only_cidr": "192.168.59.1/24",
            "host_only_nic_type": "virtio",
            "hyperkit_vpnkit_sock": "",
            "hyperkit_vsock_ports": [],
            "hyperv_external_adapter": "",
            "hyperv_use_external_switch": false,
            "hyperv_virtual_switch": "",
            "id": "docker",
            "image_mirror_country": null,
            "image_repository": "",
            "insecure_registry": [],
            "install_addons": true,
            "interactive": true,
            "iso_url": [
              "https://github.com/kubernetes/minikube/releases/download/v1.32.0/minikube-v1.32.0-amd64.iso"
            ],
            "keep_context": false,
            "kubernetes_version": null,
            "kvm_gpu": false,
            "kvm_hidden": false,
            "kvm_network": "default",
            "kvm_numa_count": 1,
            "kvm_qemu_uri": "qemu:///system",
            "listen_address": "",
            "memory": "2000mb",
            "mount": false,
            "mount_9p_version": "9p2000.L",
            "mount_gid": "docker",
            "mount_ip": null,
            "mount_msize": 262144,
            "mount_options": null,
            "mount_port": 0,
            "mount_string": "C:\\Users\\ilnur:/minikube-host",
            "mount_type": "9p",
            "mount_uid": "docker",
            "namespace": "default",
            "nat_nic_type": "virtio",
            "native_ssh": true,
            "network": "",
            "network_plugin": null,
            "nfs_share": [],
            "nfs_shares_root": "/nfsshares",
            "no_kubernetes": false,
            "no_vtx_check": false,
            "nodes": 2,
            "output": "text",
            "ports": [],
            "preload": true,
            "qemu_firmware_path": null,
            "registry_mirror": [],
            "service_cluster_ip_range": "10.96.0.0/12",
            "socket_vmnet_client_path": "/usr/local/opt/socket_vmnet/bin/socket_vmnet_client",
            "socket_vmnet_path": "/usr/local/var/run/socket_vmnet",
            "ssh_ip_address": "",
            "ssh_key": "",
            "ssh_port": 22,
            "ssh_user": "root",
            "static_ip": null,
            "subnet": null,
            "trace": null,
            "uuid": "",
            "vm": false,
            "vm_driver": "",
            "wait": null,
            "wait_timeout": 6
          },
          "sensitive_attributes": [],
          "private": "bnVsbA=="
        }
      ]
    }
  ],
  "check_results": null
}
